
Microsoft Visual Studio Solution File, Format Version 12.00
# Visual Studio Version 17
VisualStudioVersion = 17.10.34928.147
MinimumVisualStudioVersion = 10.0.40219.1
Project("{2150E333-8FDC-42A3-9474-1A3956D46DE8}") = "Services", "Services", "{BA14969D-E793-45F3-BB67-6AA315FE7E6D}"
EndProject
Project("{2150E333-8FDC-42A3-9474-1A3956D46DE8}") = "Catalog", "Catalog", "{3292FF1B-F537-470D-8F1B-297BDEDFCBBE}"
EndProject
Project("{FAE04EC0-301F-11D3-BF4B-00C04F79EFBC}") = "Catalog.API", "Services\Catalog\Catalog.API\Catalog.API.csproj", "{5A75084E-154C-41B3-8736-39266D0D60F9}"
EndProject
Global
	GlobalSection(SolutionConfigurationPlatforms) = preSolution
		Debug|Any CPU = Debug|Any CPU
		Release|Any CPU = Release|Any CPU
	EndGlobalSection
	GlobalSection(ProjectConfigurationPlatforms) = postSolution
		{5A75084E-154C-41B3-8736-39266D0D60F9}.Debug|Any CPU.ActiveCfg = Debug|Any CPU
		{5A75084E-154C-41B3-8736-39266D0D60F9}.Debug|Any CPU.Build.0 = Debug|Any CPU
		{5A75084E-154C-41B3-8736-39266D0D60F9}.Release|Any CPU.ActiveCfg = Release|Any CPU
		{5A75084E-154C-41B3-8736-39266D0D60F9}.Release|Any CPU.Build.0 = Release|Any CPU
	EndGlobalSection
	GlobalSection(SolutionProperties) = preSolution
		HideSolutionNode = FALSE
	EndGlobalSection
	GlobalSection(NestedProjects) = preSolution
		{3292FF1B-F537-470D-8F1B-297BDEDFCBBE} = {BA14969D-E793-45F3-BB67-6AA315FE7E6D}
		{5A75084E-154C-41B3-8736-39266D0D60F9} = {3292FF1B-F537-470D-8F1B-297BDEDFCBBE}
	EndGlobalSection
	GlobalSection(ExtensibilityGlobals) = postSolution
		SolutionGuid = {3BEC928C-B663-4418-8594-8439FA9A5721}
	EndGlobalSection
EndGlobal
